
Microsoft Visual Studio Solution File, Format Version 12.00
# Visual Studio Version 17
VisualStudioVersion = 17.8.34525.116
MinimumVisualStudioVersion = 10.0.40219.1
Project("{FAE04EC0-301F-11D3-BF4B-00C04F79EFBC}") = "APIGateway", "APIGateway\APIGateway.csproj", "{FA0E996F-0C21-4FA8-BAF6-82BAEB5B319A}"
EndProject
Global
	GlobalSection(SolutionConfigurationPlatforms) = preSolution
		Debug|Any CPU = Debug|Any CPU
		Release|Any CPU = Release|Any CPU
	EndGlobalSection
	GlobalSection(ProjectConfigurationPlatforms) = postSolution
		{FA0E996F-0C21-4FA8-BAF6-82BAEB5B319A}.Debug|Any CPU.ActiveCfg = Debug|Any CPU
		{FA0E996F-0C21-4FA8-BAF6-82BAEB5B319A}.Debug|Any CPU.Build.0 = Debug|Any CPU
		{FA0E996F-0C21-4FA8-BAF6-82BAEB5B319A}.Release|Any CPU.ActiveCfg = Release|Any CPU
		{FA0E996F-0C21-4FA8-BAF6-82BAEB5B319A}.Release|Any CPU.Build.0 = Release|Any CPU
	EndGlobalSection
	GlobalSection(SolutionProperties) = preSolution
		HideSolutionNode = FALSE
	EndGlobalSection
	GlobalSection(ExtensibilityGlobals) = postSolution
		SolutionGuid = {76E68260-6DC1-4F49-BA69-66ED0E7DEA50}
	EndGlobalSection
EndGlobal
