
Microsoft Visual Studio Solution File, Format Version 12.00
# Visual Studio Version 17
VisualStudioVersion = 17.8.34525.116
MinimumVisualStudioVersion = 10.0.40219.1
Project("{9A19103F-16F7-4668-BE54-9A1E7A4F7556}") = "ProductAPI", "ProductAPI\ProductAPI.csproj", "{DB631528-55EB-4CFE-B1C7-449481A98854}"
EndProject
Global
	GlobalSection(SolutionConfigurationPlatforms) = preSolution
		Debug|Any CPU = Debug|Any CPU
		Release|Any CPU = Release|Any CPU
	EndGlobalSection
	GlobalSection(ProjectConfigurationPlatforms) = postSolution
		{DB631528-55EB-4CFE-B1C7-449481A98854}.Debug|Any CPU.ActiveCfg = Debug|Any CPU
		{DB631528-55EB-4CFE-B1C7-449481A98854}.Debug|Any CPU.Build.0 = Debug|Any CPU
		{DB631528-55EB-4CFE-B1C7-449481A98854}.Release|Any CPU.ActiveCfg = Release|Any CPU
		{DB631528-55EB-4CFE-B1C7-449481A98854}.Release|Any CPU.Build.0 = Release|Any CPU
	EndGlobalSection
	GlobalSection(SolutionProperties) = preSolution
		HideSolutionNode = FALSE
	EndGlobalSection
	GlobalSection(ExtensibilityGlobals) = postSolution
		SolutionGuid = {496C071A-FFF4-4A7F-8D2B-F5670B552BB3}
	EndGlobalSection
EndGlobal
